
Microsoft Visual Studio Solution File, Format Version 12.00
# Visual Studio Version 16
VisualStudioVersion = 16.0.31829.152
MinimumVisualStudioVersion = 10.0.40219.1
Project("{FAE04EC0-301F-11D3-BF4B-00C04F79EFBC}") = "RubiksCubeApp", "RubiksCubeApp.csproj", "{D567A943-70AD-4567-8BDE-8B5494B7349E}"
EndProject
Global
	GlobalSection(SolutionConfigurationPlatforms) = preSolution
		Debug|Any CPU = Debug|Any CPU
		Release|Any CPU = Release|Any CPU
	EndGlobalSection
	GlobalSection(ProjectConfigurationPlatforms) = postSolution
		{D567A943-70AD-4567-8BDE-8B5494B7349E}.Debug|Any CPU.ActiveCfg = Debug|Any CPU
		{D567A943-70AD-4567-8BDE-8B5494B7349E}.Debug|Any CPU.Build.0 = Debug|Any CPU
		{D567A943-70AD-4567-8BDE-8B5494B7349E}.Debug|Any CPU.Deploy.0 = Debug|Any CPU
		{D567A943-70AD-4567-8BDE-8B5494B7349E}.Release|Any CPU.ActiveCfg = Release|Any CPU
		{D567A943-70AD-4567-8BDE-8B5494B7349E}.Release|Any CPU.Build.0 = Release|Any CPU
		{D567A943-70AD-4567-8BDE-8B5494B7349E}.Release|Any CPU.Deploy.0 = Release|Any CPU
	EndGlobalSection
	GlobalSection(SolutionProperties) = preSolution
		HideSolutionNode = FALSE
	EndGlobalSection
	GlobalSection(ExtensibilityGlobals) = postSolution
		SolutionGuid = {FD235AEF-0C52-48DB-B550-1C2C5B55C1CD}
	EndGlobalSection
EndGlobal
